
Microsoft Visual Studio Solution File, Format Version 12.00
# Visual Studio 15
Project("{FAE04EC0-301F-11D3-BF4B-00C04F79EFBC}") = "Gif Maker", "Assembly-CSharp.csproj", "{F3164F17-3E94-E4DD-9C72-75E18B758E33}"
EndProject
Project("{FAE04EC0-301F-11D3-BF4B-00C04F79EFBC}") = "Gif Maker", "Assembly-CSharp-Editor.csproj", "{086480C7-D489-8A04-D6CC-1C310A41BF26}"
EndProject
Global
	GlobalSection(SolutionConfigurationPlatforms) = preSolution
		Debug|Any CPU = Debug|Any CPU
		Release|Any CPU = Release|Any CPU
	EndGlobalSection
	GlobalSection(ProjectConfigurationPlatforms) = postSolution
		{F3164F17-3E94-E4DD-9C72-75E18B758E33}.Debug|Any CPU.ActiveCfg = Debug|Any CPU
		{F3164F17-3E94-E4DD-9C72-75E18B758E33}.Debug|Any CPU.Build.0 = Debug|Any CPU
		{F3164F17-3E94-E4DD-9C72-75E18B758E33}.Release|Any CPU.ActiveCfg = Release|Any CPU
		{F3164F17-3E94-E4DD-9C72-75E18B758E33}.Release|Any CPU.Build.0 = Release|Any CPU
		{086480C7-D489-8A04-D6CC-1C310A41BF26}.Debug|Any CPU.ActiveCfg = Debug|Any CPU
		{086480C7-D489-8A04-D6CC-1C310A41BF26}.Debug|Any CPU.Build.0 = Debug|Any CPU
		{086480C7-D489-8A04-D6CC-1C310A41BF26}.Release|Any CPU.ActiveCfg = Release|Any CPU
		{086480C7-D489-8A04-D6CC-1C310A41BF26}.Release|Any CPU.Build.0 = Release|Any CPU
	EndGlobalSection
	GlobalSection(SolutionProperties) = preSolution
		HideSolutionNode = FALSE
	EndGlobalSection
EndGlobal
